
Microsoft Visual Studio Solution File, Format Version 12.00
# Visual Studio 15
VisualStudioVersion = 15.0.28307.1525
MinimumVisualStudioVersion = 10.0.40219.1
Project("{FAE04EC0-301F-11D3-BF4B-00C04F79EFBC}") = "Chuon", "Chuon\Chuon.csproj", "{A31299A9-3E48-4079-A648-449E03392FF2}"
EndProject
Project("{FAE04EC0-301F-11D3-BF4B-00C04F79EFBC}") = "ChounTranslator", "ChounTranslator\ChounTranslator.csproj", "{CCBA1499-DAB7-49A5-A4B0-FDFC2353B7C7}"
EndProject
Global
	GlobalSection(SolutionConfigurationPlatforms) = preSolution
		Debug|Any CPU = Debug|Any CPU
		Release|Any CPU = Release|Any CPU
	EndGlobalSection
	GlobalSection(ProjectConfigurationPlatforms) = postSolution
		{A31299A9-3E48-4079-A648-449E03392FF2}.Debug|Any CPU.ActiveCfg = Debug|Any CPU
		{A31299A9-3E48-4079-A648-449E03392FF2}.Debug|Any CPU.Build.0 = Debug|Any CPU
		{A31299A9-3E48-4079-A648-449E03392FF2}.Release|Any CPU.ActiveCfg = Release|Any CPU
		{A31299A9-3E48-4079-A648-449E03392FF2}.Release|Any CPU.Build.0 = Release|Any CPU
		{CCBA1499-DAB7-49A5-A4B0-FDFC2353B7C7}.Debug|Any CPU.ActiveCfg = Debug|Any CPU
		{CCBA1499-DAB7-49A5-A4B0-FDFC2353B7C7}.Debug|Any CPU.Build.0 = Debug|Any CPU
		{CCBA1499-DAB7-49A5-A4B0-FDFC2353B7C7}.Release|Any CPU.ActiveCfg = Release|Any CPU
		{CCBA1499-DAB7-49A5-A4B0-FDFC2353B7C7}.Release|Any CPU.Build.0 = Release|Any CPU
	EndGlobalSection
	GlobalSection(SolutionProperties) = preSolution
		HideSolutionNode = FALSE
	EndGlobalSection
	GlobalSection(ExtensibilityGlobals) = postSolution
		SolutionGuid = {FEA884C0-0737-4B4D-A8BF-902537B3C651}
	EndGlobalSection
EndGlobal
